
Microsoft Visual Studio Solution File, Format Version 12.00
# Visual Studio Version 16
VisualStudioVersion = 16.0.29709.97
MinimumVisualStudioVersion = 10.0.40219.1
Project("{9A19103F-16F7-4668-BE54-9A1E7A4F7556}") = "SmartSecurityCamera.WebApp", "SmartSecurityCamera.WebApp\SmartSecurityCamera.WebApp.csproj", "{7C163C87-6B07-40D5-8905-D055F3755AF1}"
EndProject
Project("{9A19103F-16F7-4668-BE54-9A1E7A4F7556}") = "SmartSecurityCameraML.Model", "SmartSecurityCameraML.Model\SmartSecurityCameraML.Model.csproj", "{DC8F39FF-06D6-44FC-B1ED-4827E94B95B2}"
EndProject
Global
	GlobalSection(SolutionConfigurationPlatforms) = preSolution
		Debug|Any CPU = Debug|Any CPU
		Release|Any CPU = Release|Any CPU
	EndGlobalSection
	GlobalSection(ProjectConfigurationPlatforms) = postSolution
		{7C163C87-6B07-40D5-8905-D055F3755AF1}.Debug|Any CPU.ActiveCfg = Debug|Any CPU
		{7C163C87-6B07-40D5-8905-D055F3755AF1}.Debug|Any CPU.Build.0 = Debug|Any CPU
		{7C163C87-6B07-40D5-8905-D055F3755AF1}.Release|Any CPU.ActiveCfg = Release|Any CPU
		{7C163C87-6B07-40D5-8905-D055F3755AF1}.Release|Any CPU.Build.0 = Release|Any CPU
		{DC8F39FF-06D6-44FC-B1ED-4827E94B95B2}.Debug|Any CPU.ActiveCfg = Debug|Any CPU
		{DC8F39FF-06D6-44FC-B1ED-4827E94B95B2}.Debug|Any CPU.Build.0 = Debug|Any CPU
		{DC8F39FF-06D6-44FC-B1ED-4827E94B95B2}.Release|Any CPU.ActiveCfg = Release|Any CPU
		{DC8F39FF-06D6-44FC-B1ED-4827E94B95B2}.Release|Any CPU.Build.0 = Release|Any CPU
	EndGlobalSection
	GlobalSection(SolutionProperties) = preSolution
		HideSolutionNode = FALSE
	EndGlobalSection
	GlobalSection(ExtensibilityGlobals) = postSolution
		SolutionGuid = {1BD8E3F1-A074-4740-8D8F-AB7AC4BAF1A9}
	EndGlobalSection
EndGlobal
